
Microsoft Visual Studio Solution File, Format Version 12.00
# Visual Studio Version 17
VisualStudioVersion = 17.6.33815.320
MinimumVisualStudioVersion = 10.0.40219.1
Project("{9A19103F-16F7-4668-BE54-9A1E7A4F7556}") = "Auth.Api", "Auth.Api\Auth.Api.csproj", "{519E6637-8AA7-46BA-9DAE-36F0D16A23EE}"
EndProject
Project("{9A19103F-16F7-4668-BE54-9A1E7A4F7556}") = "Auth.Common", "Auth.Common\Auth.Common.csproj", "{06F02920-4639-40E5-A98B-83DF1796B016}"
EndProject
Project("{FAE04EC0-301F-11D3-BF4B-00C04F79EFBC}") = "Resource.Api", "Resource.Api\Resource.Api.csproj", "{4CBF871F-7C94-45D7-A561-D73BD7AF0610}"
EndProject
Global
	GlobalSection(SolutionConfigurationPlatforms) = preSolution
		Debug|Any CPU = Debug|Any CPU
		Release|Any CPU = Release|Any CPU
	EndGlobalSection
	GlobalSection(ProjectConfigurationPlatforms) = postSolution
		{519E6637-8AA7-46BA-9DAE-36F0D16A23EE}.Debug|Any CPU.ActiveCfg = Debug|Any CPU
		{519E6637-8AA7-46BA-9DAE-36F0D16A23EE}.Debug|Any CPU.Build.0 = Debug|Any CPU
		{519E6637-8AA7-46BA-9DAE-36F0D16A23EE}.Release|Any CPU.ActiveCfg = Release|Any CPU
		{519E6637-8AA7-46BA-9DAE-36F0D16A23EE}.Release|Any CPU.Build.0 = Release|Any CPU
		{06F02920-4639-40E5-A98B-83DF1796B016}.Debug|Any CPU.ActiveCfg = Debug|Any CPU
		{06F02920-4639-40E5-A98B-83DF1796B016}.Debug|Any CPU.Build.0 = Debug|Any CPU
		{06F02920-4639-40E5-A98B-83DF1796B016}.Release|Any CPU.ActiveCfg = Release|Any CPU
		{06F02920-4639-40E5-A98B-83DF1796B016}.Release|Any CPU.Build.0 = Release|Any CPU
		{4CBF871F-7C94-45D7-A561-D73BD7AF0610}.Debug|Any CPU.ActiveCfg = Debug|Any CPU
		{4CBF871F-7C94-45D7-A561-D73BD7AF0610}.Debug|Any CPU.Build.0 = Debug|Any CPU
		{4CBF871F-7C94-45D7-A561-D73BD7AF0610}.Release|Any CPU.ActiveCfg = Release|Any CPU
		{4CBF871F-7C94-45D7-A561-D73BD7AF0610}.Release|Any CPU.Build.0 = Release|Any CPU
	EndGlobalSection
	GlobalSection(SolutionProperties) = preSolution
		HideSolutionNode = FALSE
	EndGlobalSection
	GlobalSection(ExtensibilityGlobals) = postSolution
		SolutionGuid = {C0DE03E5-9D31-41A7-86C0-450CF2E18144}
	EndGlobalSection
EndGlobal
